
Microsoft Visual Studio Solution File, Format Version 12.00
# Visual Studio Version 16
VisualStudioVersion = 16.0.29230.47
MinimumVisualStudioVersion = 10.0.40219.1
Project("{FAE04EC0-301F-11D3-BF4B-00C04F79EFBC}") = "Controls", "Controls\Controls.csproj", "{B037FB73-367A-4A40-9626-C151A8C9619B}"
EndProject
Global
	GlobalSection(SolutionConfigurationPlatforms) = preSolution
		Debug|Any CPU = Debug|Any CPU
		Release|Any CPU = Release|Any CPU
	EndGlobalSection
	GlobalSection(ProjectConfigurationPlatforms) = postSolution
		{B037FB73-367A-4A40-9626-C151A8C9619B}.Debug|Any CPU.ActiveCfg = Debug|Any CPU
		{B037FB73-367A-4A40-9626-C151A8C9619B}.Debug|Any CPU.Build.0 = Debug|Any CPU
		{B037FB73-367A-4A40-9626-C151A8C9619B}.Release|Any CPU.ActiveCfg = Release|Any CPU
		{B037FB73-367A-4A40-9626-C151A8C9619B}.Release|Any CPU.Build.0 = Release|Any CPU
	EndGlobalSection
	GlobalSection(SolutionProperties) = preSolution
		HideSolutionNode = FALSE
	EndGlobalSection
	GlobalSection(ExtensibilityGlobals) = postSolution
		SolutionGuid = {152D1B5A-85A2-4084-814A-621096FF9A1F}
	EndGlobalSection
EndGlobal
